
Microsoft Visual Studio Solution File, Format Version 12.00
# Visual Studio Version 16
VisualStudioVersion = 16.0.30011.22
MinimumVisualStudioVersion = 10.0.40219.1
Project("{FAE04EC0-301F-11D3-BF4B-00C04F79EFBC}") = "24HourAPI", "24HourAPI\24HourAPI.csproj", "{B6A5DA76-EE8B-4185-A411-97A8B21F0001}"
EndProject
Project("{FAE04EC0-301F-11D3-BF4B-00C04F79EFBC}") = "24Hour.Data", "24Hour.Data\24Hour.Data.csproj", "{E0EF3A7E-365E-4B90-8156-EA42B459AFB9}"
EndProject
Project("{FAE04EC0-301F-11D3-BF4B-00C04F79EFBC}") = "24Hour.Models", "24Hour.Models\24Hour.Models.csproj", "{22091201-2AB7-413A-B6A1-1CA479C77968}"
EndProject
Project("{FAE04EC0-301F-11D3-BF4B-00C04F79EFBC}") = "24Hour.Services", "24Hour.Services\24Hour.Services.csproj", "{ED535C3E-AEE5-4140-A298-F0BEB06D34BB}"
EndProject
Global
	GlobalSection(SolutionConfigurationPlatforms) = preSolution
		Debug|Any CPU = Debug|Any CPU
		Release|Any CPU = Release|Any CPU
	EndGlobalSection
	GlobalSection(ProjectConfigurationPlatforms) = postSolution
		{B6A5DA76-EE8B-4185-A411-97A8B21F0001}.Debug|Any CPU.ActiveCfg = Debug|Any CPU
		{B6A5DA76-EE8B-4185-A411-97A8B21F0001}.Debug|Any CPU.Build.0 = Debug|Any CPU
		{B6A5DA76-EE8B-4185-A411-97A8B21F0001}.Release|Any CPU.ActiveCfg = Release|Any CPU
		{B6A5DA76-EE8B-4185-A411-97A8B21F0001}.Release|Any CPU.Build.0 = Release|Any CPU
		{E0EF3A7E-365E-4B90-8156-EA42B459AFB9}.Debug|Any CPU.ActiveCfg = Debug|Any CPU
		{E0EF3A7E-365E-4B90-8156-EA42B459AFB9}.Debug|Any CPU.Build.0 = Debug|Any CPU
		{E0EF3A7E-365E-4B90-8156-EA42B459AFB9}.Release|Any CPU.ActiveCfg = Release|Any CPU
		{E0EF3A7E-365E-4B90-8156-EA42B459AFB9}.Release|Any CPU.Build.0 = Release|Any CPU
		{22091201-2AB7-413A-B6A1-1CA479C77968}.Debug|Any CPU.ActiveCfg = Debug|Any CPU
		{22091201-2AB7-413A-B6A1-1CA479C77968}.Debug|Any CPU.Build.0 = Debug|Any CPU
		{22091201-2AB7-413A-B6A1-1CA479C77968}.Release|Any CPU.ActiveCfg = Release|Any CPU
		{22091201-2AB7-413A-B6A1-1CA479C77968}.Release|Any CPU.Build.0 = Release|Any CPU
		{ED535C3E-AEE5-4140-A298-F0BEB06D34BB}.Debug|Any CPU.ActiveCfg = Debug|Any CPU
		{ED535C3E-AEE5-4140-A298-F0BEB06D34BB}.Debug|Any CPU.Build.0 = Debug|Any CPU
		{ED535C3E-AEE5-4140-A298-F0BEB06D34BB}.Release|Any CPU.ActiveCfg = Release|Any CPU
		{ED535C3E-AEE5-4140-A298-F0BEB06D34BB}.Release|Any CPU.Build.0 = Release|Any CPU
	EndGlobalSection
	GlobalSection(SolutionProperties) = preSolution
		HideSolutionNode = FALSE
	EndGlobalSection
	GlobalSection(ExtensibilityGlobals) = postSolution
		SolutionGuid = {F7DC458E-A59B-4DA5-AA0C-61E562B9BEAD}
	EndGlobalSection
EndGlobal
